
Microsoft Visual Studio Solution File, Format Version 12.00
# Visual Studio 15
VisualStudioVersion = 15.0.26403.3
MinimumVisualStudioVersion = 10.0.40219.1
Project("{8BC9CEB8-8B4A-11D0-8D11-00A0C91BC942}") = "DENGINE", "DENGINE.vcxproj", "{478F50CF-35F0-4DF7-A895-41F755E8BAE9}"
EndProject
Global
	GlobalSection(SolutionConfigurationPlatforms) = preSolution
		Debug|Win32 = Debug|Win32
		Release|Win32 = Release|Win32
	EndGlobalSection
	GlobalSection(ProjectConfigurationPlatforms) = postSolution
		{478F50CF-35F0-4DF7-A895-41F755E8BAE9}.Debug|Win32.ActiveCfg = Debug|Win32
		{478F50CF-35F0-4DF7-A895-41F755E8BAE9}.Debug|Win32.Build.0 = Debug|Win32
		{478F50CF-35F0-4DF7-A895-41F755E8BAE9}.Release|Win32.ActiveCfg = Release|Win32
		{478F50CF-35F0-4DF7-A895-41F755E8BAE9}.Release|Win32.Build.0 = Release|Win32
	EndGlobalSection
	GlobalSection(SolutionProperties) = preSolution
		HideSolutionNode = FALSE
	EndGlobalSection
EndGlobal
